// !$*UTF8*$!
{
	archiveVersion = 1;
	classes = {
	};
	objectVersion = 52;
	objects = {

/* Begin PBXBuildFile section */
		3B4C9AB8249C592D00AD40C2 /* CollectData.swift in Sources */ = {isa = PBXBuildFile; fileRef = 3B4C9AB7249C592D00AD40C2 /* CollectData.swift */; };
		3B4C9ABA249C599500AD40C2 /* CollectList.swift in Sources */ = {isa = PBXBuildFile; fileRef = 3B4C9AB9249C599500AD40C2 /* CollectList.swift */; };
		3B60DDA6249B5AA9003920F9 /* KingfisherStatic in Frameworks */ = {isa = PBXBuildFile; productRef = 3B60DDA5249B5AA9003920F9 /* KingfisherStatic */; };
		3B60DDA8249B5AA9003920F9 /* KingfisherSwiftUIStatic in Frameworks */ = {isa = PBXBuildFile; productRef = 3B60DDA7249B5AA9003920F9 /* KingfisherSwiftUIStatic */; };
		3B60DDAA249B5AA9003920F9 /* KingfisherDynamic in Frameworks */ = {isa = PBXBuildFile; productRef = 3B60DDA9249B5AA9003920F9 /* KingfisherDynamic */; };
		3B60DDAB249B5AA9003920F9 /* KingfisherDynamic in Embed Frameworks */ = {isa = PBXBuildFile; productRef = 3B60DDA9249B5AA9003920F9 /* KingfisherDynamic */; settings = {ATTRIBUTES = (CodeSignOnCopy, ); }; };
		3B60DDAD249B5AA9003920F9 /* Kingfisher in Frameworks */ = {isa = PBXBuildFile; productRef = 3B60DDAC249B5AA9003920F9 /* Kingfisher */; };
		3B60DDAF249B5AA9003920F9 /* KingfisherSwiftUIDynamic in Frameworks */ = {isa = PBXBuildFile; productRef = 3B60DDAE249B5AA9003920F9 /* KingfisherSwiftUIDynamic */; };
		3B60DDB0249B5AA9003920F9 /* KingfisherSwiftUIDynamic in Embed Frameworks */ = {isa = PBXBuildFile; productRef = 3B60DDAE249B5AA9003920F9 /* KingfisherSwiftUIDynamic */; settings = {ATTRIBUTES = (CodeSignOnCopy, ); }; };
		3B60DDB2249B5AA9003920F9 /* KingfisherSwiftUI in Frameworks */ = {isa = PBXBuildFile; productRef = 3B60DDB1249B5AA9003920F9 /* KingfisherSwiftUI */; };
		3B60DDB5249B5C9F003920F9 /* ImageView.swift in Sources */ = {isa = PBXBuildFile; fileRef = 3B60DDB4249B5C9F003920F9 /* ImageView.swift */; };
		3B6135FB249A4733007AC281 /* AppDelegate.swift in Sources */ = {isa = PBXBuildFile; fileRef = 3B6135FA249A4733007AC281 /* AppDelegate.swift */; };
		3B6135FD249A4733007AC281 /* SceneDelegate.swift in Sources */ = {isa = PBXBuildFile; fileRef = 3B6135FC249A4733007AC281 /* SceneDelegate.swift */; };
		3B6135FF249A4733007AC281 /* ContentView.swift in Sources */ = {isa = PBXBuildFile; fileRef = 3B6135FE249A4733007AC281 /* ContentView.swift */; };
		3B613601249A4737007AC281 /* Assets.xcassets in Resources */ = {isa = PBXBuildFile; fileRef = 3B613600249A4737007AC281 /* Assets.xcassets */; };
		3B613604249A4737007AC281 /* Preview Assets.xcassets in Resources */ = {isa = PBXBuildFile; fileRef = 3B613603249A4737007AC281 /* Preview Assets.xcassets */; };
		3B613607249A4737007AC281 /* LaunchScreen.storyboard in Resources */ = {isa = PBXBuildFile; fileRef = 3B613605249A4737007AC281 /* LaunchScreen.storyboard */; };
		3B61360F249A4762007AC281 /* Data.swift in Sources */ = {isa = PBXBuildFile; fileRef = 3B61360E249A4762007AC281 /* Data.swift */; };
		3B613613249A47C9007AC281 /* BusRouteRow.swift in Sources */ = {isa = PBXBuildFile; fileRef = 3B613612249A47C9007AC281 /* BusRouteRow.swift */; };
		3B613617249A6108007AC281 /* BusList.swift in Sources */ = {isa = PBXBuildFile; fileRef = 3B613616249A6108007AC281 /* BusList.swift */; };
		3B613619249A6130007AC281 /* BusData.swift in Sources */ = {isa = PBXBuildFile; fileRef = 3B613618249A6130007AC281 /* BusData.swift */; };
		3B61361B249A6477007AC281 /* BusRouteData.swift in Sources */ = {isa = PBXBuildFile; fileRef = 3B61361A249A6477007AC281 /* BusRouteData.swift */; };
		3B61361D249A66B1007AC281 /* SearchBar.swift in Sources */ = {isa = PBXBuildFile; fileRef = 3B61361C249A66B1007AC281 /* SearchBar.swift */; };
		3B61361F249A6ED3007AC281 /* BusDetail.swift in Sources */ = {isa = PBXBuildFile; fileRef = 3B61361E249A6ED3007AC281 /* BusDetail.swift */; };
		3B613621249A7390007AC281 /* BusRow.swift in Sources */ = {isa = PBXBuildFile; fileRef = 3B613620249A7390007AC281 /* BusRow.swift */; };
/* End PBXBuildFile section */

/* Begin PBXCopyFilesBuildPhase section */
		3B60DDB3249B5AA9003920F9 /* Embed Frameworks */ = {
			isa = PBXCopyFilesBuildPhase;
			buildActionMask = 2147483647;
			dstPath = "";
			dstSubfolderSpec = 10;
			files = (
				3B60DDB0249B5AA9003920F9 /* KingfisherSwiftUIDynamic in Embed Frameworks */,
				3B60DDAB249B5AA9003920F9 /* KingfisherDynamic in Embed Frameworks */,
			);
			name = "Embed Frameworks";
			runOnlyForDeploymentPostprocessing = 0;
		};
/* End PBXCopyFilesBuildPhase section */

/* Begin PBXFileReference section */
		3B4C9AB7249C592D00AD40C2 /* CollectData.swift */ = {isa = PBXFileReference; lastKnownFileType = sourcecode.swift; path = CollectData.swift; sourceTree = "<group>"; };
		3B4C9AB9249C599500AD40C2 /* CollectList.swift */ = {isa = PBXFileReference; lastKnownFileType = sourcecode.swift; path = CollectList.swift; sourceTree = "<group>"; };
		3B60DDB4249B5C9F003920F9 /* ImageView.swift */ = {isa = PBXFileReference; lastKnownFileType = sourcecode.swift; path = ImageView.swift; sourceTree = "<group>"; };
		3B6135F7249A4733007AC281 /* iosFinal.app */ = {isa = PBXFileReference; explicitFileType = wrapper.application; includeInIndex = 0; path = iosFinal.app; sourceTree = BUILT_PRODUCTS_DIR; };
		3B6135FA249A4733007AC281 /* AppDelegate.swift */ = {isa = PBXFileReference; lastKnownFileType = sourcecode.swift; path = AppDelegate.swift; sourceTree = "<group>"; };
		3B6135FC249A4733007AC281 /* SceneDelegate.swift */ = {isa = PBXFileReference; lastKnownFileType = sourcecode.swift; path = SceneDelegate.swift; sourceTree = "<group>"; };
		3B6135FE249A4733007AC281 /* ContentView.swift */ = {isa = PBXFileReference; lastKnownFileType = sourcecode.swift; path = ContentView.swift; sourceTree = "<group>"; };
		3B613600249A4737007AC281 /* Assets.xcassets */ = {isa = PBXFileReference; lastKnownFileType = folder.assetcatalog; path = Assets.xcassets; sourceTree = "<group>"; };
		3B613603249A4737007AC281 /* Preview Assets.xcassets */ = {isa = PBXFileReference; lastKnownFileType = folder.assetcatalog; path = "Preview Assets.xcassets"; sourceTree = "<group>"; };
		3B613606249A4737007AC281 /* Base */ = {isa = PBXFileReference; lastKnownFileType = file.storyboard; name = Base; path = Base.lproj/LaunchScreen.storyboard; sourceTree = "<group>"; };
		3B613608249A4737007AC281 /* Info.plist */ = {isa = PBXFileReference; lastKnownFileType = text.plist.xml; path = Info.plist; sourceTree = "<group>"; };
		3B61360E249A4762007AC281 /* Data.swift */ = {isa = PBXFileReference; lastKnownFileType = sourcecode.swift; path = Data.swift; sourceTree = "<group>"; };
		3B613612249A47C9007AC281 /* BusRouteRow.swift */ = {isa = PBXFileReference; lastKnownFileType = sourcecode.swift; path = BusRouteRow.swift; sourceTree = "<group>"; };
		3B613616249A6108007AC281 /* BusList.swift */ = {isa = PBXFileReference; fileEncoding = 4; lastKnownFileType = sourcecode.swift; path = BusList.swift; sourceTree = "<group>"; };
		3B613618249A6130007AC281 /* BusData.swift */ = {isa = PBXFileReference; lastKnownFileType = sourcecode.swift; path = BusData.swift; sourceTree = "<group>"; };
		3B61361A249A6477007AC281 /* BusRouteData.swift */ = {isa = PBXFileReference; lastKnownFileType = sourcecode.swift; path = BusRouteData.swift; sourceTree = "<group>"; };
		3B61361C249A66B1007AC281 /* SearchBar.swift */ = {isa = PBXFileReference; lastKnownFileType = sourcecode.swift; path = SearchBar.swift; sourceTree = "<group>"; };
		3B61361E249A6ED3007AC281 /* BusDetail.swift */ = {isa = PBXFileReference; lastKnownFileType = sourcecode.swift; path = BusDetail.swift; sourceTree = "<group>"; };
		3B613620249A7390007AC281 /* BusRow.swift */ = {isa = PBXFileReference; lastKnownFileType = sourcecode.swift; path = BusRow.swift; sourceTree = "<group>"; };
/* End PBXFileReference section */

/* Begin PBXFrameworksBuildPhase section */
		3B6135F4249A4733007AC281 /* Frameworks */ = {
			isa = PBXFrameworksBuildPhase;
			buildActionMask = 2147483647;
			files = (
				3B60DDB2249B5AA9003920F9 /* KingfisherSwiftUI in Frameworks */,
				3B60DDAF249B5AA9003920F9 /* KingfisherSwiftUIDynamic in Frameworks */,
				3B60DDAD249B5AA9003920F9 /* Kingfisher in Frameworks */,
				3B60DDA8249B5AA9003920F9 /* KingfisherSwiftUIStatic in Frameworks */,
				3B60DDAA249B5AA9003920F9 /* KingfisherDynamic in Frameworks */,
				3B60DDA6249B5AA9003920F9 /* KingfisherStatic in Frameworks */,
			);
			runOnlyForDeploymentPostprocessing = 0;
		};
/* End PBXFrameworksBuildPhase section */

/* Begin PBXGroup section */
		3B6135EE249A4733007AC281 = {
			isa = PBXGroup;
			children = (
				3B6135F9249A4733007AC281 /* iosFinal */,
				3B6135F8249A4733007AC281 /* Products */,
			);
			sourceTree = "<group>";
		};
		3B6135F8249A4733007AC281 /* Products */ = {
			isa = PBXGroup;
			children = (
				3B6135F7249A4733007AC281 /* iosFinal.app */,
			);
			name = Products;
			sourceTree = "<group>";
		};
		3B6135F9249A4733007AC281 /* iosFinal */ = {
			isa = PBXGroup;
			children = (
				3B6135FA249A4733007AC281 /* AppDelegate.swift */,
				3B61360E249A4762007AC281 /* Data.swift */,
				3B4C9AB7249C592D00AD40C2 /* CollectData.swift */,
				3B4C9AB9249C599500AD40C2 /* CollectList.swift */,
				3B613616249A6108007AC281 /* BusList.swift */,
				3B613612249A47C9007AC281 /* BusRouteRow.swift */,
				3B613618249A6130007AC281 /* BusData.swift */,
				3B61361A249A6477007AC281 /* BusRouteData.swift */,
				3B61361E249A6ED3007AC281 /* BusDetail.swift */,
				3B613620249A7390007AC281 /* BusRow.swift */,
				3B61361C249A66B1007AC281 /* SearchBar.swift */,
				3B6135FC249A4733007AC281 /* SceneDelegate.swift */,
				3B6135FE249A4733007AC281 /* ContentView.swift */,
				3B60DDB4249B5C9F003920F9 /* ImageView.swift */,
				3B613600249A4737007AC281 /* Assets.xcassets */,
				3B613605249A4737007AC281 /* LaunchScreen.storyboard */,
				3B613608249A4737007AC281 /* Info.plist */,
				3B613602249A4737007AC281 /* Preview Content */,
			);
			path = iosFinal;
			sourceTree = "<group>";
		};
		3B613602249A4737007AC281 /* Preview Content */ = {
			isa = PBXGroup;
			children = (
				3B613603249A4737007AC281 /* Preview Assets.xcassets */,
			);
			path = "Preview Content";
			sourceTree = "<group>";
		};
/* End PBXGroup section */

/* Begin PBXNativeTarget section */
		3B6135F6249A4733007AC281 /* iosFinal */ = {
			isa = PBXNativeTarget;
			buildConfigurationList = 3B61360B249A4737007AC281 /* Build configuration list for PBXNativeTarget "iosFinal" */;
			buildPhases = (
				3B6135F3249A4733007AC281 /* Sources */,
				3B6135F4249A4733007AC281 /* Frameworks */,
				3B6135F5249A4733007AC281 /* Resources */,
				3B60DDB3249B5AA9003920F9 /* Embed Frameworks */,
			);
			buildRules = (
			);
			dependencies = (
			);
			name = iosFinal;
			packageProductDependencies = (
				3B60DDA5249B5AA9003920F9 /* KingfisherStatic */,
				3B60DDA7249B5AA9003920F9 /* KingfisherSwiftUIStatic */,
				3B60DDA9249B5AA9003920F9 /* KingfisherDynamic */,
				3B60DDAC249B5AA9003920F9 /* Kingfisher */,
				3B60DDAE249B5AA9003920F9 /* KingfisherSwiftUIDynamic */,
				3B60DDB1249B5AA9003920F9 /* KingfisherSwiftUI */,
			);
			productName = iosFinal;
			productReference = 3B6135F7249A4733007AC281 /* iosFinal.app */;
			productType = "com.apple.product-type.application";
		};
/* End PBXNativeTarget section */

/* Begin PBXProject section */
		3B6135EF249A4733007AC281 /* Project object */ = {
			isa = PBXProject;
			attributes = {
				LastSwiftUpdateCheck = 1150;
				LastUpgradeCheck = 1150;
				ORGANIZATIONNAME = ntou;
				TargetAttributes = {
					3B6135F6249A4733007AC281 = {
						CreatedOnToolsVersion = 11.5;
					};
				};
			};
			buildConfigurationList = 3B6135F2249A4733007AC281 /* Build configuration list for PBXProject "iosFinal" */;
			compatibilityVersion = "Xcode 9.3";
			developmentRegion = en;
			hasScannedForEncodings = 0;
			knownRegions = (
				en,
				Base,
			);
			mainGroup = 3B6135EE249A4733007AC281;
			packageReferences = (
				3B60DDA4249B5AA9003920F9 /* XCRemoteSwiftPackageReference "Kingfisher" */,
			);
			productRefGroup = 3B6135F8249A4733007AC281 /* Products */;
			projectDirPath = "";
			projectRoot = "";
			targets = (
				3B6135F6249A4733007AC281 /* iosFinal */,
			);
		};
/* End PBXProject section */

/* Begin PBXResourcesBuildPhase section */
		3B6135F5249A4733007AC281 /* Resources */ = {
			isa = PBXResourcesBuildPhase;
			buildActionMask = 2147483647;
			files = (
				3B613607249A4737007AC281 /* LaunchScreen.storyboard in Resources */,
				3B613604249A4737007AC281 /* Preview Assets.xcassets in Resources */,
				3B613601249A4737007AC281 /* Assets.xcassets in Resources */,
			);
			runOnlyForDeploymentPostprocessing = 0;
		};
/* End PBXResourcesBuildPhase section */

/* Begin PBXSourcesBuildPhase section */
		3B6135F3249A4733007AC281 /* Sources */ = {
			isa = PBXSourcesBuildPhase;
			buildActionMask = 2147483647;
			files = (
				3B60DDB5249B5C9F003920F9 /* ImageView.swift in Sources */,
				3B61361B249A6477007AC281 /* BusRouteData.swift in Sources */,
				3B6135FB249A4733007AC281 /* AppDelegate.swift in Sources */,
				3B6135FD249A4733007AC281 /* SceneDelegate.swift in Sources */,
				3B4C9ABA249C599500AD40C2 /* CollectList.swift in Sources */,
				3B613621249A7390007AC281 /* BusRow.swift in Sources */,
				3B6135FF249A4733007AC281 /* ContentView.swift in Sources */,
				3B613619249A6130007AC281 /* BusData.swift in Sources */,
				3B61361D249A66B1007AC281 /* SearchBar.swift in Sources */,
				3B61360F249A4762007AC281 /* Data.swift in Sources */,
				3B613613249A47C9007AC281 /* BusRouteRow.swift in Sources */,
				3B613617249A6108007AC281 /* BusList.swift in Sources */,
				3B4C9AB8249C592D00AD40C2 /* CollectData.swift in Sources */,
				3B61361F249A6ED3007AC281 /* BusDetail.swift in Sources */,
			);
			runOnlyForDeploymentPostprocessing = 0;
		};
/* End PBXSourcesBuildPhase section */

/* Begin PBXVariantGroup section */
		3B613605249A4737007AC281 /* LaunchScreen.storyboard */ = {
			isa = PBXVariantGroup;
			children = (
				3B613606249A4737007AC281 /* Base */,
			);
			name = LaunchScreen.storyboard;
			sourceTree = "<group>";
		};
/* End PBXVariantGroup section */

/* Begin XCBuildConfiguration section */
		3B613609249A4737007AC281 /* Debug */ = {
			isa = XCBuildConfiguration;
			buildSettings = {
				ALWAYS_SEARCH_USER_PATHS = NO;
				CLANG_ANALYZER_NONNULL = YES;
				CLANG_ANALYZER_NUMBER_OBJECT_CONVERSION = YES_AGGRESSIVE;
				CLANG_CXX_LANGUAGE_STANDARD = "gnu++14";
				CLANG_CXX_LIBRARY = "libc++";
				CLANG_ENABLE_MODULES = YES;
				CLANG_ENABLE_OBJC_ARC = YES;
				CLANG_ENABLE_OBJC_WEAK = YES;
				CLANG_WARN_BLOCK_CAPTURE_AUTORELEASING = YES;
				CLANG_WARN_BOOL_CONVERSION = YES;
				CLANG_WARN_COMMA = YES;
				CLANG_WARN_CONSTANT_CONVERSION = YES;
				CLANG_WARN_DEPRECATED_OBJC_IMPLEMENTATIONS = YES;
				CLANG_WARN_DIRECT_OBJC_ISA_USAGE = YES_ERROR;
				CLANG_WARN_DOCUMENTATION_COMMENTS = YES;
				CLANG_WARN_EMPTY_BODY = YES;
				CLANG_WARN_ENUM_CONVERSION = YES;
				CLANG_WARN_INFINITE_RECURSION = YES;
				CLANG_WARN_INT_CONVERSION = YES;
				CLANG_WARN_NON_LITERAL_NULL_CONVERSION = YES;
				CLANG_WARN_OBJC_IMPLICIT_RETAIN_SELF = YES;
				CLANG_WARN_OBJC_LITERAL_CONVERSION = YES;
				CLANG_WARN_OBJC_ROOT_CLASS = YES_ERROR;
				CLANG_WARN_RANGE_LOOP_ANALYSIS = YES;
				CLANG_WARN_STRICT_PROTOTYPES = YES;
				CLANG_WARN_SUSPICIOUS_MOVE = YES;
				CLANG_WARN_UNGUARDED_AVAILABILITY = YES_AGGRESSIVE;
				CLANG_WARN_UNREACHABLE_CODE = YES;
				CLANG_WARN__DUPLICATE_METHOD_MATCH = YES;
				COPY_PHASE_STRIP = NO;
				DEBUG_INFORMATION_FORMAT = dwarf;
				ENABLE_STRICT_OBJC_MSGSEND = YES;
				ENABLE_TESTABILITY = YES;
				GCC_C_LANGUAGE_STANDARD = gnu11;
				GCC_DYNAMIC_NO_PIC = NO;
				GCC_NO_COMMON_BLOCKS = YES;
				GCC_OPTIMIZATION_LEVEL = 0;
				GCC_PREPROCESSOR_DEFINITIONS = (
					"DEBUG=1",
					"$(inherited)",
				);
				GCC_WARN_64_TO_32_BIT_CONVERSION = YES;
				GCC_WARN_ABOUT_RETURN_TYPE = YES_ERROR;
				GCC_WARN_UNDECLARED_SELECTOR = YES;
				GCC_WARN_UNINITIALIZED_AUTOS = YES_AGGRESSIVE;
				GCC_WARN_UNUSED_FUNCTION = YES;
				GCC_WARN_UNUSED_VARIABLE = YES;
				IPHONEOS_DEPLOYMENT_TARGET = 13.5;
				MTL_ENABLE_DEBUG_INFO = INCLUDE_SOURCE;
				MTL_FAST_MATH = YES;
				ONLY_ACTIVE_ARCH = YES;
				SDKROOT = iphoneos;
				SWIFT_ACTIVE_COMPILATION_CONDITIONS = DEBUG;
				SWIFT_OPTIMIZATION_LEVEL = "-Onone";
			};
			name = Debug;
		};
		3B61360A249A4737007AC281 /* Release */ = {
			isa = XCBuildConfiguration;
			buildSettings = {
				ALWAYS_SEARCH_USER_PATHS = NO;
				CLANG_ANALYZER_NONNULL = YES;
				CLANG_ANALYZER_NUMBER_OBJECT_CONVERSION = YES_AGGRESSIVE;
				CLANG_CXX_LANGUAGE_STANDARD = "gnu++14";
				CLANG_CXX_LIBRARY = "libc++";
				CLANG_ENABLE_MODULES = YES;
				CLANG_ENABLE_OBJC_ARC = YES;
				CLANG_ENABLE_OBJC_WEAK = YES;
				CLANG_WARN_BLOCK_CAPTURE_AUTORELEASING = YES;
				CLANG_WARN_BOOL_CONVERSION = YES;
				CLANG_WARN_COMMA = YES;
				CLANG_WARN_CONSTANT_CONVERSION = YES;
				CLANG_WARN_DEPRECATED_OBJC_IMPLEMENTATIONS = YES;
				CLANG_WARN_DIRECT_OBJC_ISA_USAGE = YES_ERROR;
				CLANG_WARN_DOCUMENTATION_COMMENTS = YES;
				CLANG_WARN_EMPTY_BODY = YES;
				CLANG_WARN_ENUM_CONVERSION = YES;
				CLANG_WARN_INFINITE_RECURSION = YES;
				CLANG_WARN_INT_CONVERSION = YES;
				CLANG_WARN_NON_LITERAL_NULL_CONVERSION = YES;
				CLANG_WARN_OBJC_IMPLICIT_RETAIN_SELF = YES;
				CLANG_WARN_OBJC_LITERAL_CONVERSION = YES;
				CLANG_WARN_OBJC_ROOT_CLASS = YES_ERROR;
				CLANG_WARN_RANGE_LOOP_ANALYSIS = YES;
				CLANG_WARN_STRICT_PROTOTYPES = YES;
				CLANG_WARN_SUSPICIOUS_MOVE = YES;
				CLANG_WARN_UNGUARDED_AVAILABILITY = YES_AGGRESSIVE;
				CLANG_WARN_UNREACHABLE_CODE = YES;
				CLANG_WARN__DUPLICATE_METHOD_MATCH = YES;
				COPY_PHASE_STRIP = NO;
				DEBUG_INFORMATION_FORMAT = "dwarf-with-dsym";
				ENABLE_NS_ASSERTIONS = NO;
				ENABLE_STRICT_OBJC_MSGSEND = YES;
				GCC_C_LANGUAGE_STANDARD = gnu11;
				GCC_NO_COMMON_BLOCKS = YES;
				GCC_WARN_64_TO_32_BIT_CONVERSION = YES;
				GCC_WARN_ABOUT_RETURN_TYPE = YES_ERROR;
				GCC_WARN_UNDECLARED_SELECTOR = YES;
				GCC_WARN_UNINITIALIZED_AUTOS = YES_AGGRESSIVE;
				GCC_WARN_UNUSED_FUNCTION = YES;
				GCC_WARN_UNUSED_VARIABLE = YES;
				IPHONEOS_DEPLOYMENT_TARGET = 13.5;
				MTL_ENABLE_DEBUG_INFO = NO;
				MTL_FAST_MATH = YES;
				SDKROOT = iphoneos;
				SWIFT_COMPILATION_MODE = wholemodule;
				SWIFT_OPTIMIZATION_LEVEL = "-O";
				VALIDATE_PRODUCT = YES;
			};
			name = Release;
		};
		3B61360C249A4737007AC281 /* Debug */ = {
			isa = XCBuildConfiguration;
			buildSettings = {
				ASSETCATALOG_COMPILER_APPICON_NAME = AppIcon;
				CODE_SIGN_STYLE = Automatic;
				DEVELOPMENT_ASSET_PATHS = "\"iosFinal/Preview Content\"";
				ENABLE_PREVIEWS = YES;
				INFOPLIST_FILE = iosFinal/Info.plist;
				LD_RUNPATH_SEARCH_PATHS = (
					"$(inherited)",
					"@executable_path/Frameworks",
				);
				PRODUCT_BUNDLE_IDENTIFIER = ntou.iosFinal;
				PRODUCT_NAME = "$(TARGET_NAME)";
				SWIFT_VERSION = 5.0;
				TARGETED_DEVICE_FAMILY = "1,2";
			};
			name = Debug;
		};
		3B61360D249A4737007AC281 /* Release */ = {
			isa = XCBuildConfiguration;
			buildSettings = {
				ASSETCATALOG_COMPILER_APPICON_NAME = AppIcon;
				CODE_SIGN_STYLE = Automatic;
				DEVELOPMENT_ASSET_PATHS = "\"iosFinal/Preview Content\"";
				ENABLE_PREVIEWS = YES;
				INFOPLIST_FILE = iosFinal/Info.plist;
				LD_RUNPATH_SEARCH_PATHS = (
					"$(inherited)",
					"@executable_path/Frameworks",
				);
				PRODUCT_BUNDLE_IDENTIFIER = ntou.iosFinal;
				PRODUCT_NAME = "$(TARGET_NAME)";
				SWIFT_VERSION = 5.0;
				TARGETED_DEVICE_FAMILY = "1,2";
			};
			name = Release;
		};
/* End XCBuildConfiguration section */

/* Begin XCConfigurationList section */
		3B6135F2249A4733007AC281 /* Build configuration list for PBXProject "iosFinal" */ = {
			isa = XCConfigurationList;
			buildConfigurations = (
				3B613609249A4737007AC281 /* Debug */,
				3B61360A249A4737007AC281 /* Release */,
			);
			defaultConfigurationIsVisible = 0;
			defaultConfigurationName = Release;
		};
		3B61360B249A4737007AC281 /* Build configuration list for PBXNativeTarget "iosFinal" */ = {
			isa = XCConfigurationList;
			buildConfigurations = (
				3B61360C249A4737007AC281 /* Debug */,
				3B61360D249A4737007AC281 /* Release */,
			);
			defaultConfigurationIsVisible = 0;
			defaultConfigurationName = Release;
		};
/* End XCConfigurationList section */

/* Begin XCRemoteSwiftPackageReference section */
		3B60DDA4249B5AA9003920F9 /* XCRemoteSwiftPackageReference "Kingfisher" */ = {
			isa = XCRemoteSwiftPackageReference;
			repositoryURL = "https://github.com/onevcat/Kingfisher";
			requirement = {
				kind = upToNextMajorVersion;
				minimumVersion = 5.14.0;
			};
		};
/* End XCRemoteSwiftPackageReference section */

/* Begin XCSwiftPackageProductDependency section */
		3B60DDA5249B5AA9003920F9 /* KingfisherStatic */ = {
			isa = XCSwiftPackageProductDependency;
			package = 3B60DDA4249B5AA9003920F9 /* XCRemoteSwiftPackageReference "Kingfisher" */;
			productName = KingfisherStatic;
		};
		3B60DDA7249B5AA9003920F9 /* KingfisherSwiftUIStatic */ = {
			isa = XCSwiftPackageProductDependency;
			package = 3B60DDA4249B5AA9003920F9 /* XCRemoteSwiftPackageReference "Kingfisher" */;
			productName = KingfisherSwiftUIStatic;
		};
		3B60DDA9249B5AA9003920F9 /* KingfisherDynamic */ = {
			isa = XCSwiftPackageProductDependency;
			package = 3B60DDA4249B5AA9003920F9 /* XCRemoteSwiftPackageReference "Kingfisher" */;
			productName = KingfisherDynamic;
		};
		3B60DDAC249B5AA9003920F9 /* Kingfisher */ = {
			isa = XCSwiftPackageProductDependency;
			package = 3B60DDA4249B5AA9003920F9 /* XCRemoteSwiftPackageReference "Kingfisher" */;
			productName = Kingfisher;
		};
		3B60DDAE249B5AA9003920F9 /* KingfisherSwiftUIDynamic */ = {
			isa = XCSwiftPackageProductDependency;
			package = 3B60DDA4249B5AA9003920F9 /* XCRemoteSwiftPackageReference "Kingfisher" */;
			productName = KingfisherSwiftUIDynamic;
		};
		3B60DDB1249B5AA9003920F9 /* KingfisherSwiftUI */ = {
			isa = XCSwiftPackageProductDependency;
			package = 3B60DDA4249B5AA9003920F9 /* XCRemoteSwiftPackageReference "Kingfisher" */;
			productName = KingfisherSwiftUI;
		};
/* End XCSwiftPackageProductDependency section */
	};
	rootObject = 3B6135EF249A4733007AC281 /* Project object */;
}
